
Microsoft Visual Studio Solution File, Format Version 12.00
# Visual Studio 16
Project("{8BC9CEB8-8B4A-11D0-8D11-00A0C91BC942}") = "Morpheus", "Morpheus\Source\Morpheus.vcxproj", "{183E12FE-040B-6D09-2D24-5BB11950A297}"
EndProject
Project("{2150E333-8FDC-42A3-9474-1A3956D46DE8}") = "Dependencies", "Dependencies", "{53E47842-3FC8-3998-A828-34EB942B241A}"
EndProject
Project("{8BC9CEB8-8B4A-11D0-8D11-00A0C91BC942}") = "FreeType2", "Libraries\freetype2\FreeType2.vcxproj", "{9B8AFB51-07F5-AFC8-5033-616EBCDC8D1D}"
EndProject
Project("{8BC9CEB8-8B4A-11D0-8D11-00A0C91BC942}") = "Glad", "Libraries\Glad\Glad.vcxproj", "{BDD6857C-A90D-870D-52FA-6C103E10030F}"
EndProject
Project("{8BC9CEB8-8B4A-11D0-8D11-00A0C91BC942}") = "lua", "Libraries\lua\lua.vcxproj", "{C78D880B-3397-887C-BC12-9F7C281B947C}"
EndProject
Global
	GlobalSection(SolutionConfigurationPlatforms) = preSolution
		Debug|Win32 = Debug|Win32
		Debug|x64 = Debug|x64
		Release|Win32 = Release|Win32
		Release|x64 = Release|x64
	EndGlobalSection
	GlobalSection(ProjectConfigurationPlatforms) = postSolution
		{183E12FE-040B-6D09-2D24-5BB11950A297}.Debug|Win32.ActiveCfg = Debug x32|x64
		{183E12FE-040B-6D09-2D24-5BB11950A297}.Debug|Win32.Build.0 = Debug x32|x64
		{183E12FE-040B-6D09-2D24-5BB11950A297}.Debug|x64.ActiveCfg = Debug|x64
		{183E12FE-040B-6D09-2D24-5BB11950A297}.Debug|x64.Build.0 = Debug|x64
		{183E12FE-040B-6D09-2D24-5BB11950A297}.Release|Win32.ActiveCfg = Release x32|x64
		{183E12FE-040B-6D09-2D24-5BB11950A297}.Release|Win32.Build.0 = Release x32|x64
		{183E12FE-040B-6D09-2D24-5BB11950A297}.Release|x64.ActiveCfg = Release|x64
		{183E12FE-040B-6D09-2D24-5BB11950A297}.Release|x64.Build.0 = Release|x64
		{9B8AFB51-07F5-AFC8-5033-616EBCDC8D1D}.Debug|Win32.ActiveCfg = Debug x32|x64
		{9B8AFB51-07F5-AFC8-5033-616EBCDC8D1D}.Debug|Win32.Build.0 = Debug x32|x64
		{9B8AFB51-07F5-AFC8-5033-616EBCDC8D1D}.Debug|x64.ActiveCfg = Debug|x64
		{9B8AFB51-07F5-AFC8-5033-616EBCDC8D1D}.Debug|x64.Build.0 = Debug|x64
		{9B8AFB51-07F5-AFC8-5033-616EBCDC8D1D}.Release|Win32.ActiveCfg = Release x32|x64
		{9B8AFB51-07F5-AFC8-5033-616EBCDC8D1D}.Release|Win32.Build.0 = Release x32|x64
		{9B8AFB51-07F5-AFC8-5033-616EBCDC8D1D}.Release|x64.ActiveCfg = Release|x64
		{9B8AFB51-07F5-AFC8-5033-616EBCDC8D1D}.Release|x64.Build.0 = Release|x64
		{BDD6857C-A90D-870D-52FA-6C103E10030F}.Debug|Win32.ActiveCfg = Debug x32|x64
		{BDD6857C-A90D-870D-52FA-6C103E10030F}.Debug|Win32.Build.0 = Debug x32|x64
		{BDD6857C-A90D-870D-52FA-6C103E10030F}.Debug|x64.ActiveCfg = Debug|x64
		{BDD6857C-A90D-870D-52FA-6C103E10030F}.Debug|x64.Build.0 = Debug|x64
		{BDD6857C-A90D-870D-52FA-6C103E10030F}.Release|Win32.ActiveCfg = Release x32|x64
		{BDD6857C-A90D-870D-52FA-6C103E10030F}.Release|Win32.Build.0 = Release x32|x64
		{BDD6857C-A90D-870D-52FA-6C103E10030F}.Release|x64.ActiveCfg = Release|x64
		{BDD6857C-A90D-870D-52FA-6C103E10030F}.Release|x64.Build.0 = Release|x64
		{C78D880B-3397-887C-BC12-9F7C281B947C}.Debug|Win32.ActiveCfg = Debug x32|x64
		{C78D880B-3397-887C-BC12-9F7C281B947C}.Debug|Win32.Build.0 = Debug x32|x64
		{C78D880B-3397-887C-BC12-9F7C281B947C}.Debug|x64.ActiveCfg = Debug|x64
		{C78D880B-3397-887C-BC12-9F7C281B947C}.Debug|x64.Build.0 = Debug|x64
		{C78D880B-3397-887C-BC12-9F7C281B947C}.Release|Win32.ActiveCfg = Release x32|x64
		{C78D880B-3397-887C-BC12-9F7C281B947C}.Release|Win32.Build.0 = Release x32|x64
		{C78D880B-3397-887C-BC12-9F7C281B947C}.Release|x64.ActiveCfg = Release|x64
		{C78D880B-3397-887C-BC12-9F7C281B947C}.Release|x64.Build.0 = Release|x64
	EndGlobalSection
	GlobalSection(SolutionProperties) = preSolution
		HideSolutionNode = FALSE
	EndGlobalSection
	GlobalSection(NestedProjects) = preSolution
		{9B8AFB51-07F5-AFC8-5033-616EBCDC8D1D} = {53E47842-3FC8-3998-A828-34EB942B241A}
		{BDD6857C-A90D-870D-52FA-6C103E10030F} = {53E47842-3FC8-3998-A828-34EB942B241A}
		{C78D880B-3397-887C-BC12-9F7C281B947C} = {53E47842-3FC8-3998-A828-34EB942B241A}
	EndGlobalSection
EndGlobal
