<?xml version="1.0" encoding="utf-8"?>
<Project ToolsVersion="4.0" xmlns="http://schemas.microsoft.com/developer/msbuild/2003">
  <ItemGroup>
    <Filter Include="Assets">
      <UniqueIdentifier>{3824E0A7-24C6-0A7E-0D81-1ED2F9C191CE}</UniqueIdentifier>
    </Filter>
    <Filter Include="Assets\fonts">
      <UniqueIdentifier>{91683F8C-7DCB-CE30-2651-07E712939AB3}</UniqueIdentifier>
    </Filter>
    <Filter Include="Assets\shaders">
      <UniqueIdentifier>{31992871-1D67-1C77-06FB-8C9DF267F8DB}</UniqueIdentifier>
    </Filter>
    <Filter Include="Source">
      <UniqueIdentifier>{56EB95D1-428D-C0A7-2B48-D4FB178947F8}</UniqueIdentifier>
    </Filter>
    <Filter Include="Source\Core">
      <UniqueIdentifier>{6E95150F-DA4A-8E04-633F-88DBCFF38408}</UniqueIdentifier>
    </Filter>
    <Filter Include="Source\Core\Config">
      <UniqueIdentifier>{B3E8F640-9FCC-B796-082D-B2E9F42FA218}</UniqueIdentifier>
    </Filter>
    <Filter Include="Source\Core\Debug">
      <UniqueIdentifier>{647A6176-D090-5F0C-1908-EB2D855D3094}</UniqueIdentifier>
    </Filter>
    <Filter Include="Source\Core\Event">
      <UniqueIdentifier>{3FF17C76-AB07-7B0C-F47E-062E60D44B94}</UniqueIdentifier>
    </Filter>
    <Filter Include="Source\Core\Event\Types">
      <UniqueIdentifier>{2368195C-8F9F-61F3-98A9-C516046088EC}</UniqueIdentifier>
    </Filter>
    <Filter Include="Source\Core\Input">
      <UniqueIdentifier>{ED1FC176-5936-BF0C-A2AD-4A2E0E039094}</UniqueIdentifier>
    </Filter>
    <Filter Include="Source\Core\Input\Gamepad">
      <UniqueIdentifier>{4BCB5334-B78D-87BE-003E-164B6C3F609C}</UniqueIdentifier>
    </Filter>
    <Filter Include="Source\Core\Input\Keyboard">
      <UniqueIdentifier>{0D8F84BF-F99E-3090-6258-95AE4E871F29}</UniqueIdentifier>
    </Filter>
    <Filter Include="Source\Core\Renderer">
      <UniqueIdentifier>{D4D44230-C063-CCF9-6982-E0F455F0DC9F}</UniqueIdentifier>
    </Filter>
    <Filter Include="Source\Core\Shader">
      <UniqueIdentifier>{549DC365-4081-84BB-A9E1-7E0E95E46E3D}</UniqueIdentifier>
    </Filter>
    <Filter Include="Source\Core\Texture">
      <UniqueIdentifier>{CE48DB65-3AAA-B873-C317-FF252F78EF32}</UniqueIdentifier>
    </Filter>
    <Filter Include="Source\Core\Util">
      <UniqueIdentifier>{7B41F558-673A-14AB-906C-F92F7CC4F3B6}</UniqueIdentifier>
    </Filter>
    <Filter Include="Source\Core\Window">
      <UniqueIdentifier>{957A316F-815E-F2C4-EABE-EC17D6C1DC46}</UniqueIdentifier>
    </Filter>
  </ItemGroup>
  <ItemGroup>
    <ClInclude Include="Source\Core\App.h">
      <Filter>Source\Core</Filter>
    </ClInclude>
    <ClInclude Include="Source\Core\Config\Settings.h">
      <Filter>Source\Core\Config</Filter>
    </ClInclude>
    <ClInclude Include="Source\Core\Debug\Performance.h">
      <Filter>Source\Core\Debug</Filter>
    </ClInclude>
    <ClInclude Include="Source\Core\Engine.h">
      <Filter>Source\Core</Filter>
    </ClInclude>
    <ClInclude Include="Source\Core\Event\Event.h">
      <Filter>Source\Core\Event</Filter>
    </ClInclude>
    <ClInclude Include="Source\Core\Event\EventBus.h">
      <Filter>Source\Core\Event</Filter>
    </ClInclude>
    <ClInclude Include="Source\Core\Event\MemberFunctionHandler.h">
      <Filter>Source\Core\Event</Filter>
    </ClInclude>
    <ClInclude Include="Source\Core\Event\Types\InputEvent.h">
      <Filter>Source\Core\Event\Types</Filter>
    </ClInclude>
    <ClInclude Include="Source\Core\Event\Types\WindowResizeEvent.h">
      <Filter>Source\Core\Event\Types</Filter>
    </ClInclude>
    <ClInclude Include="Source\Core\Input\Gamepad\Gamepad.h">
      <Filter>Source\Core\Input\Gamepad</Filter>
    </ClInclude>
    <ClInclude Include="Source\Core\Input\Input.h">
      <Filter>Source\Core\Input</Filter>
    </ClInclude>
    <ClInclude Include="Source\Core\Input\Keyboard\Keyboard.h">
      <Filter>Source\Core\Input\Keyboard</Filter>
    </ClInclude>
    <ClInclude Include="Source\Core\Renderer\SpriteRenderer.h">
      <Filter>Source\Core\Renderer</Filter>
    </ClInclude>
    <ClInclude Include="Source\Core\Renderer\TextRenderer.h">
      <Filter>Source\Core\Renderer</Filter>
    </ClInclude>
    <ClInclude Include="Source\Core\Shader\Shader.h">
      <Filter>Source\Core\Shader</Filter>
    </ClInclude>
    <ClInclude Include="Source\Core\Texture\Texture.h">
      <Filter>Source\Core\Texture</Filter>
    </ClInclude>
    <ClInclude Include="Source\Core\Util\FileUtil.h">
      <Filter>Source\Core\Util</Filter>
    </ClInclude>
    <ClInclude Include="Source\Core\Window\Window.h">
      <Filter>Source\Core\Window</Filter>
    </ClInclude>
    <ClInclude Include="Source\mepch.h">
      <Filter>Source</Filter>
    </ClInclude>
  </ItemGroup>
  <ItemGroup>
    <ClCompile Include="Source\Core\Debug\Performance.cpp">
      <Filter>Source\Core\Debug</Filter>
    </ClCompile>
    <ClCompile Include="Source\Core\Engine.cpp">
      <Filter>Source\Core</Filter>
    </ClCompile>
    <ClCompile Include="Source\Core\Input\Gamepad\Gamepad.cpp">
      <Filter>Source\Core\Input\Gamepad</Filter>
    </ClCompile>
    <ClCompile Include="Source\Core\Input\Input.cpp">
      <Filter>Source\Core\Input</Filter>
    </ClCompile>
    <ClCompile Include="Source\Core\Input\Keyboard\Keyboard.cpp">
      <Filter>Source\Core\Input\Keyboard</Filter>
    </ClCompile>
    <ClCompile Include="Source\Core\Renderer\SpriteRenderer.cpp">
      <Filter>Source\Core\Renderer</Filter>
    </ClCompile>
    <ClCompile Include="Source\Core\Renderer\TextRenderer.cpp">
      <Filter>Source\Core\Renderer</Filter>
    </ClCompile>
    <ClCompile Include="Source\Core\Shader\Shader.cpp">
      <Filter>Source\Core\Shader</Filter>
    </ClCompile>
    <ClCompile Include="Source\Core\Texture\Texture.cpp">
      <Filter>Source\Core\Texture</Filter>
    </ClCompile>
    <ClCompile Include="Source\Core\Window\Window.cpp">
      <Filter>Source\Core\Window</Filter>
    </ClCompile>
    <ClCompile Include="Source\mepch.cpp">
      <Filter>Source</Filter>
    </ClCompile>
  </ItemGroup>
  <ItemGroup>
    <None Include="..\..\.editorconfig" />
    <None Include="Assets\fonts\roboto-regular.ttf">
      <Filter>Assets\fonts</Filter>
    </None>
    <None Include="Assets\settings.lua">
      <Filter>Assets</Filter>
    </None>
    <None Include="Assets\shaders\sprite.frag">
      <Filter>Assets\shaders</Filter>
    </None>
    <None Include="Assets\shaders\sprite.vert">
      <Filter>Assets\shaders</Filter>
    </None>
    <None Include="Assets\shaders\text.frag">
      <Filter>Assets\shaders</Filter>
    </None>
    <None Include="Assets\shaders\text.vert">
      <Filter>Assets\shaders</Filter>
    </None>
  </ItemGroup>
</Project>