<?xml version="1.0" encoding="utf-8"?>
<Project ToolsVersion="4.0" xmlns="http://schemas.microsoft.com/developer/msbuild/2003">
  <ItemGroup>
    <Filter Include="Assets">
      <UniqueIdentifier>{3824E0A7-24C6-0A7E-0D81-1ED2F9C191CE}</UniqueIdentifier>
    </Filter>
    <Filter Include="Assets\fonts">
      <UniqueIdentifier>{91683F8C-7DCB-CE30-2651-07E712939AB3}</UniqueIdentifier>
    </Filter>
    <Filter Include="Assets\shaders">
      <UniqueIdentifier>{31992871-1D67-1C77-06FB-8C9DF267F8DB}</UniqueIdentifier>
    </Filter>
    <Filter Include="Source">
      <UniqueIdentifier>{56EB95D1-428D-C0A7-2B48-D4FB178947F8}</UniqueIdentifier>
    </Filter>
    <Filter Include="Source\Engine">
      <UniqueIdentifier>{1BF9622F-87B9-DE65-50F4-27E3BC732342}</UniqueIdentifier>
    </Filter>
    <Filter Include="Source\Engine\Config">
      <UniqueIdentifier>{C0C77386-AC56-FD4F-5575-114B41E30DF6}</UniqueIdentifier>
    </Filter>
    <Filter Include="Source\Engine\Debug">
      <UniqueIdentifier>{D12B08A7-3D8D-E5B4-C6FA-2B67325B1C74}</UniqueIdentifier>
    </Filter>
    <Filter Include="Source\Engine\Event">
      <UniqueIdentifier>{ACA223A7-1804-01B5-A171-47670DD23774}</UniqueIdentifier>
    </Filter>
    <Filter Include="Source\Engine\Event\Types">
      <UniqueIdentifier>{50B7CCBB-BC79-0046-052A-8FD2712BD923}</UniqueIdentifier>
    </Filter>
    <Filter Include="Source\Engine\Input">
      <UniqueIdentifier>{5AD167A7-C632-45B5-4FA0-8B67BB007C74}</UniqueIdentifier>
    </Filter>
    <Filter Include="Source\Engine\Input\Gamepad">
      <UniqueIdentifier>{B899174E-24A7-4534-AD8D-411F199A11EB}</UniqueIdentifier>
    </Filter>
    <Filter Include="Source\Engine\Input\Keyboard">
      <UniqueIdentifier>{1A2BC211-06E6-B1BD-AF9D-2A089B37FC4D}</UniqueIdentifier>
    </Filter>
    <Filter Include="Source\Engine\Renderer">
      <UniqueIdentifier>{21AB73C8-0DA5-9C1A-F611-332BE2AA0287}</UniqueIdentifier>
    </Filter>
    <Filter Include="Source\Engine\Shader">
      <UniqueIdentifier>{617C40AB-4D0B-CA74-F629-DE6FE297DA1A}</UniqueIdentifier>
    </Filter>
    <Filter Include="Source\Engine\Texture">
      <UniqueIdentifier>{7B09F45A-E775-AF55-B069-47B31C95D1BD}</UniqueIdentifier>
    </Filter>
    <Filter Include="Source\Engine\Util">
      <UniqueIdentifier>{48F9A433-34DD-6589-9D3D-60DC8940500B}</UniqueIdentifier>
    </Filter>
    <Filter Include="Source\Engine\Window">
      <UniqueIdentifier>{A259AEB4-8EE8-377E-3707-4C7923754824}</UniqueIdentifier>
    </Filter>
  </ItemGroup>
  <ItemGroup>
    <ClInclude Include="Source\Engine\App.h">
      <Filter>Source\Engine</Filter>
    </ClInclude>
    <ClInclude Include="Source\Engine\Config\Settings.h">
      <Filter>Source\Engine\Config</Filter>
    </ClInclude>
    <ClInclude Include="Source\Engine\Debug\Performance.h">
      <Filter>Source\Engine\Debug</Filter>
    </ClInclude>
    <ClInclude Include="Source\Engine\Engine.h">
      <Filter>Source\Engine</Filter>
    </ClInclude>
    <ClInclude Include="Source\Engine\Event\Event.h">
      <Filter>Source\Engine\Event</Filter>
    </ClInclude>
    <ClInclude Include="Source\Engine\Event\EventBus.h">
      <Filter>Source\Engine\Event</Filter>
    </ClInclude>
    <ClInclude Include="Source\Engine\Event\MemberFunctionHandler.h">
      <Filter>Source\Engine\Event</Filter>
    </ClInclude>
    <ClInclude Include="Source\Engine\Event\Types\InputEvent.h">
      <Filter>Source\Engine\Event\Types</Filter>
    </ClInclude>
    <ClInclude Include="Source\Engine\Event\Types\WindowResizeEvent.h">
      <Filter>Source\Engine\Event\Types</Filter>
    </ClInclude>
    <ClInclude Include="Source\Engine\Input\Gamepad\Gamepad.h">
      <Filter>Source\Engine\Input\Gamepad</Filter>
    </ClInclude>
    <ClInclude Include="Source\Engine\Input\Input.h">
      <Filter>Source\Engine\Input</Filter>
    </ClInclude>
    <ClInclude Include="Source\Engine\Input\Keyboard\Keyboard.h">
      <Filter>Source\Engine\Input\Keyboard</Filter>
    </ClInclude>
    <ClInclude Include="Source\Engine\Renderer\SpriteRenderer.h">
      <Filter>Source\Engine\Renderer</Filter>
    </ClInclude>
    <ClInclude Include="Source\Engine\Renderer\TextRenderer.h">
      <Filter>Source\Engine\Renderer</Filter>
    </ClInclude>
    <ClInclude Include="Source\Engine\Shader\Shader.h">
      <Filter>Source\Engine\Shader</Filter>
    </ClInclude>
    <ClInclude Include="Source\Engine\Texture\Texture.h">
      <Filter>Source\Engine\Texture</Filter>
    </ClInclude>
    <ClInclude Include="Source\Engine\Util\FileUtil.h">
      <Filter>Source\Engine\Util</Filter>
    </ClInclude>
    <ClInclude Include="Source\Engine\Window\Window.h">
      <Filter>Source\Engine\Window</Filter>
    </ClInclude>
    <ClInclude Include="Source\mepch.h">
      <Filter>Source</Filter>
    </ClInclude>
  </ItemGroup>
  <ItemGroup>
    <ClCompile Include="Source\Engine\Debug\Performance.cpp">
      <Filter>Source\Engine\Debug</Filter>
    </ClCompile>
    <ClCompile Include="Source\Engine\Engine.cpp">
      <Filter>Source\Engine</Filter>
    </ClCompile>
    <ClCompile Include="Source\Engine\Input\Gamepad\Gamepad.cpp">
      <Filter>Source\Engine\Input\Gamepad</Filter>
    </ClCompile>
    <ClCompile Include="Source\Engine\Input\Input.cpp">
      <Filter>Source\Engine\Input</Filter>
    </ClCompile>
    <ClCompile Include="Source\Engine\Input\Keyboard\Keyboard.cpp">
      <Filter>Source\Engine\Input\Keyboard</Filter>
    </ClCompile>
    <ClCompile Include="Source\Engine\Renderer\SpriteRenderer.cpp">
      <Filter>Source\Engine\Renderer</Filter>
    </ClCompile>
    <ClCompile Include="Source\Engine\Renderer\TextRenderer.cpp">
      <Filter>Source\Engine\Renderer</Filter>
    </ClCompile>
    <ClCompile Include="Source\Engine\Shader\Shader.cpp">
      <Filter>Source\Engine\Shader</Filter>
    </ClCompile>
    <ClCompile Include="Source\Engine\Texture\Texture.cpp">
      <Filter>Source\Engine\Texture</Filter>
    </ClCompile>
    <ClCompile Include="Source\Engine\Window\Window.cpp">
      <Filter>Source\Engine\Window</Filter>
    </ClCompile>
    <ClCompile Include="Source\mepch.cpp">
      <Filter>Source</Filter>
    </ClCompile>
  </ItemGroup>
  <ItemGroup>
    <None Include="..\..\.editorconfig" />
    <None Include="Assets\fonts\roboto-regular.ttf">
      <Filter>Assets\fonts</Filter>
    </None>
    <None Include="Assets\settings.lua">
      <Filter>Assets</Filter>
    </None>
    <None Include="Assets\shaders\sprite.frag">
      <Filter>Assets\shaders</Filter>
    </None>
    <None Include="Assets\shaders\sprite.vert">
      <Filter>Assets\shaders</Filter>
    </None>
    <None Include="Assets\shaders\text.frag">
      <Filter>Assets\shaders</Filter>
    </None>
    <None Include="Assets\shaders\text.vert">
      <Filter>Assets\shaders</Filter>
    </None>
  </ItemGroup>
</Project>