<?xml version="1.0" encoding="utf-8"?>
<Project ToolsVersion="4.0" xmlns="http://schemas.microsoft.com/developer/msbuild/2003">
  <ItemGroup>
    <Filter Include="Assets">
      <UniqueIdentifier>{3824E0A7-24C6-0A7E-0D81-1ED2F9C191CE}</UniqueIdentifier>
    </Filter>
    <Filter Include="Assets\fonts">
      <UniqueIdentifier>{91683F8C-7DCB-CE30-2651-07E712939AB3}</UniqueIdentifier>
    </Filter>
    <Filter Include="Assets\images">
      <UniqueIdentifier>{FD69001B-692A-7C51-3265-C5CE9EE4C02D}</UniqueIdentifier>
    </Filter>
    <Filter Include="Assets\shaders">
      <UniqueIdentifier>{31992871-1D67-1C77-06FB-8C9DF267F8DB}</UniqueIdentifier>
    </Filter>
    <Filter Include="Config">
      <UniqueIdentifier>{5B583FAC-47FA-6982-30B5-7DD61CF6F0D2}</UniqueIdentifier>
    </Filter>
    <Filter Include="Core">
      <UniqueIdentifier>{2EB4837C-1AEB-840D-C3D7-6A10AFED000F}</UniqueIdentifier>
    </Filter>
    <Filter Include="Core\Event">
      <UniqueIdentifier>{FF1F37CD-EBD7-781A-54DF-517640B6130B}</UniqueIdentifier>
    </Filter>
    <Filter Include="Core\Input">
      <UniqueIdentifier>{AD4E7BCD-9906-BD1A-020E-9676EEE4570B}</UniqueIdentifier>
    </Filter>
    <Filter Include="Core\Input\Keyboard">
      <UniqueIdentifier>{CD557F35-39B7-5C43-C224-A3F52E859302}</UniqueIdentifier>
    </Filter>
    <Filter Include="Core\Shader">
      <UniqueIdentifier>{14A4C393-8059-3C89-094E-36607502338D}</UniqueIdentifier>
    </Filter>
    <Filter Include="Core\Text">
      <UniqueIdentifier>{02CEC315-6E38-788C-B776-2932232056E1}</UniqueIdentifier>
    </Filter>
    <Filter Include="Core\Texture">
      <UniqueIdentifier>{8E27DC53-7A8A-6BF8-2310-A4AE0F52377B}</UniqueIdentifier>
    </Filter>
    <Filter Include="Core\Util">
      <UniqueIdentifier>{3B98C415-A702-798C-F040-2A325CEA56E1}</UniqueIdentifier>
    </Filter>
    <Filter Include="Core\Window">
      <UniqueIdentifier>{5581319D-C136-AA92-4A2B-A469B6DFA096}</UniqueIdentifier>
    </Filter>
    <Filter Include="Game">
      <UniqueIdentifier>{7FA9857C-6BE0-860D-14CD-6C1000E3020F}</UniqueIdentifier>
    </Filter>
  </ItemGroup>
  <ItemGroup>
    <ClInclude Include="Config\Settings.h">
      <Filter>Config</Filter>
    </ClInclude>
    <ClInclude Include="Core\App.h">
      <Filter>Core</Filter>
    </ClInclude>
    <ClInclude Include="Core\Engine.h">
      <Filter>Core</Filter>
    </ClInclude>
    <ClInclude Include="Core\Event\Event.h">
      <Filter>Core\Event</Filter>
    </ClInclude>
    <ClInclude Include="Core\Event\EventBus.h">
      <Filter>Core\Event</Filter>
    </ClInclude>
    <ClInclude Include="Core\Event\MemberFunctionHandler.h">
      <Filter>Core\Event</Filter>
    </ClInclude>
    <ClInclude Include="Core\Input\Input.h">
      <Filter>Core\Input</Filter>
    </ClInclude>
    <ClInclude Include="Core\Input\Keyboard\KeyboardEvent.h">
      <Filter>Core\Input\Keyboard</Filter>
    </ClInclude>
    <ClInclude Include="Core\Input\Keyboard\Keys.h">
      <Filter>Core\Input\Keyboard</Filter>
    </ClInclude>
    <ClInclude Include="Core\Shader\Shader.h">
      <Filter>Core\Shader</Filter>
    </ClInclude>
    <ClInclude Include="Core\Text\TextRenderer.h">
      <Filter>Core\Text</Filter>
    </ClInclude>
    <ClInclude Include="Core\Texture\Texture.h">
      <Filter>Core\Texture</Filter>
    </ClInclude>
    <ClInclude Include="Core\Util\FileUtil.h">
      <Filter>Core\Util</Filter>
    </ClInclude>
    <ClInclude Include="Core\Window\Window.h">
      <Filter>Core\Window</Filter>
    </ClInclude>
    <ClInclude Include="Game\GameApp.h">
      <Filter>Game</Filter>
    </ClInclude>
  </ItemGroup>
  <ItemGroup>
    <ClCompile Include="Core\Engine.cpp">
      <Filter>Core</Filter>
    </ClCompile>
    <ClCompile Include="Core\Input\Input.cpp">
      <Filter>Core\Input</Filter>
    </ClCompile>
    <ClCompile Include="Core\Shader\Shader.cpp">
      <Filter>Core\Shader</Filter>
    </ClCompile>
    <ClCompile Include="Core\Text\TextRenderer.cpp">
      <Filter>Core\Text</Filter>
    </ClCompile>
    <ClCompile Include="Core\Texture\Texture.cpp">
      <Filter>Core\Texture</Filter>
    </ClCompile>
    <ClCompile Include="Core\Window\Window.cpp">
      <Filter>Core\Window</Filter>
    </ClCompile>
    <ClCompile Include="Game\GameApp.cpp">
      <Filter>Game</Filter>
    </ClCompile>
    <ClCompile Include="main.cpp" />
  </ItemGroup>
  <ItemGroup>
    <None Include="..\..\.editorconfig" />
    <None Include="Assets\fonts\roboto-regular.ttf">
      <Filter>Assets\fonts</Filter>
    </None>
    <None Include="Assets\shaders\text.frag">
      <Filter>Assets\shaders</Filter>
    </None>
    <None Include="Assets\shaders\text.vert">
      <Filter>Assets\shaders</Filter>
    </None>
    <None Include="Assets\shaders\texture.frag">
      <Filter>Assets\shaders</Filter>
    </None>
    <None Include="Assets\shaders\texture.vert">
      <Filter>Assets\shaders</Filter>
    </None>
    <None Include="Config\settings.lua">
      <Filter>Config</Filter>
    </None>
    <None Include="Assets\shaders\basic.vert" />
    <None Include="Assets\shaders\basic.frag" />
  </ItemGroup>
  <ItemGroup>
    <Image Include="Assets\images\wall.jpg">
      <Filter>Assets\images</Filter>
    </Image>
  </ItemGroup>
</Project>